
Microsoft Visual Studio Solution File, Format Version 12.00
# Visual Studio Version 17
VisualStudioVersion = 17.4.33213.308
MinimumVisualStudioVersion = 10.0.40219.1
Project("{FAE04EC0-301F-11D3-BF4B-00C04F79EFBC}") = "Shop", "Shop.csproj", "{4D741295-9B7F-4A18-821B-F4D9A4850F1D}"
EndProject
Global
	GlobalSection(SolutionConfigurationPlatforms) = preSolution
		Debug|Any CPU = Debug|Any CPU
		Release|Any CPU = Release|Any CPU
	EndGlobalSection
	GlobalSection(ProjectConfigurationPlatforms) = postSolution
		{4D741295-9B7F-4A18-821B-F4D9A4850F1D}.Debug|Any CPU.ActiveCfg = Debug|Any CPU
		{4D741295-9B7F-4A18-821B-F4D9A4850F1D}.Debug|Any CPU.Build.0 = Debug|Any CPU
		{4D741295-9B7F-4A18-821B-F4D9A4850F1D}.Release|Any CPU.ActiveCfg = Release|Any CPU
		{4D741295-9B7F-4A18-821B-F4D9A4850F1D}.Release|Any CPU.Build.0 = Release|Any CPU
	EndGlobalSection
	GlobalSection(SolutionProperties) = preSolution
		HideSolutionNode = FALSE
	EndGlobalSection
	GlobalSection(ExtensibilityGlobals) = postSolution
		SolutionGuid = {1FEA2A03-4094-480B-BDD0-716621920943}
	EndGlobalSection
EndGlobal
